
Microsoft Visual Studio Solution File, Format Version 12.00
# Visual Studio Version 17
VisualStudioVersion = 17.0.32112.339
MinimumVisualStudioVersion = 10.0.40219.1
Project("{FAE04EC0-301F-11D3-BF4B-00C04F79EFBC}") = "CheckPalindrome", "CheckPalindrome\CheckPalindrome.csproj", "{261BB466-0F61-42AB-B3F7-2A0FD3F90DC3}"
EndProject
Global
	GlobalSection(SolutionConfigurationPlatforms) = preSolution
		Debug|Any CPU = Debug|Any CPU
		Release|Any CPU = Release|Any CPU
	EndGlobalSection
	GlobalSection(ProjectConfigurationPlatforms) = postSolution
		{261BB466-0F61-42AB-B3F7-2A0FD3F90DC3}.Debug|Any CPU.ActiveCfg = Debug|Any CPU
		{261BB466-0F61-42AB-B3F7-2A0FD3F90DC3}.Debug|Any CPU.Build.0 = Debug|Any CPU
		{261BB466-0F61-42AB-B3F7-2A0FD3F90DC3}.Release|Any CPU.ActiveCfg = Release|Any CPU
		{261BB466-0F61-42AB-B3F7-2A0FD3F90DC3}.Release|Any CPU.Build.0 = Release|Any CPU
	EndGlobalSection
	GlobalSection(SolutionProperties) = preSolution
		HideSolutionNode = FALSE
	EndGlobalSection
	GlobalSection(ExtensibilityGlobals) = postSolution
		SolutionGuid = {E7D362B9-CC81-4E76-8FDB-3F5B20358B5D}
	EndGlobalSection
EndGlobal
